
Microsoft Visual Studio Solution File, Format Version 12.00
# Visual Studio 14
VisualStudioVersion = 14.0.23107.0
MinimumVisualStudioVersion = 10.0.40219.1
Project("{FAE04EC0-301F-11D3-BF4B-00C04F79EFBC}") = "Lab1Tren", "Lab1Tren\Lab1Tren.csproj", "{8C5AA244-43E1-4490-BAB8-1FEFE9D33C5D}"
EndProject
Project("{FAE04EC0-301F-11D3-BF4B-00C04F79EFBC}") = "DB", "DB\DB.csproj", "{1A8E8D5F-7BA4-46F7-993F-FDEE860A0375}"
EndProject
Project("{FAE04EC0-301F-11D3-BF4B-00C04F79EFBC}") = "Detectors", "Detectors\Detectors.csproj", "{492BB91B-8631-4986-AD2E-E1F0A73D4EE3}"
EndProject
Global
	GlobalSection(SolutionConfigurationPlatforms) = preSolution
		Debug|Any CPU = Debug|Any CPU
		Release|Any CPU = Release|Any CPU
	EndGlobalSection
	GlobalSection(ProjectConfigurationPlatforms) = postSolution
		{8C5AA244-43E1-4490-BAB8-1FEFE9D33C5D}.Debug|Any CPU.ActiveCfg = Debug|Any CPU
		{8C5AA244-43E1-4490-BAB8-1FEFE9D33C5D}.Debug|Any CPU.Build.0 = Debug|Any CPU
		{8C5AA244-43E1-4490-BAB8-1FEFE9D33C5D}.Release|Any CPU.ActiveCfg = Release|Any CPU
		{8C5AA244-43E1-4490-BAB8-1FEFE9D33C5D}.Release|Any CPU.Build.0 = Release|Any CPU
		{1A8E8D5F-7BA4-46F7-993F-FDEE860A0375}.Debug|Any CPU.ActiveCfg = Debug|Any CPU
		{1A8E8D5F-7BA4-46F7-993F-FDEE860A0375}.Debug|Any CPU.Build.0 = Debug|Any CPU
		{1A8E8D5F-7BA4-46F7-993F-FDEE860A0375}.Release|Any CPU.ActiveCfg = Release|Any CPU
		{1A8E8D5F-7BA4-46F7-993F-FDEE860A0375}.Release|Any CPU.Build.0 = Release|Any CPU
		{492BB91B-8631-4986-AD2E-E1F0A73D4EE3}.Debug|Any CPU.ActiveCfg = Debug|Any CPU
		{492BB91B-8631-4986-AD2E-E1F0A73D4EE3}.Debug|Any CPU.Build.0 = Debug|Any CPU
		{492BB91B-8631-4986-AD2E-E1F0A73D4EE3}.Release|Any CPU.ActiveCfg = Release|Any CPU
		{492BB91B-8631-4986-AD2E-E1F0A73D4EE3}.Release|Any CPU.Build.0 = Release|Any CPU
	EndGlobalSection
	GlobalSection(SolutionProperties) = preSolution
		HideSolutionNode = FALSE
	EndGlobalSection
EndGlobal
